
Microsoft Visual Studio Solution File, Format Version 12.00
# Visual Studio Version 17
VisualStudioVersion = 17.7.34221.43
MinimumVisualStudioVersion = 10.0.40219.1
Project("{FAE04EC0-301F-11D3-BF4B-00C04F79EFBC}") = "Scp1162", "Scp1162.csproj", "{07DAC62C-0736-49F3-99EE-1D62EEB437C1}"
EndProject
Global
	GlobalSection(SolutionConfigurationPlatforms) = preSolution
		Debug|Any CPU = Debug|Any CPU
		Release|Any CPU = Release|Any CPU
	EndGlobalSection
	GlobalSection(ProjectConfigurationPlatforms) = postSolution
		{07DAC62C-0736-49F3-99EE-1D62EEB437C1}.Debug|Any CPU.ActiveCfg = Debug|Any CPU
		{07DAC62C-0736-49F3-99EE-1D62EEB437C1}.Debug|Any CPU.Build.0 = Debug|Any CPU
		{07DAC62C-0736-49F3-99EE-1D62EEB437C1}.Release|Any CPU.ActiveCfg = Release|Any CPU
		{07DAC62C-0736-49F3-99EE-1D62EEB437C1}.Release|Any CPU.Build.0 = Release|Any CPU
	EndGlobalSection
	GlobalSection(SolutionProperties) = preSolution
		HideSolutionNode = FALSE
	EndGlobalSection
	GlobalSection(ExtensibilityGlobals) = postSolution
		SolutionGuid = {FA59F5EE-495A-4F55-B036-8F775D4E9747}
	EndGlobalSection
EndGlobal
